{
  "name": "gcodecontroller",
  "version": "1.0.0",
  "lockfileVersion": 2,
  "requires": true,
  "packages": {
    "": {
      "name": "gcodecontroller",
      "version": "1.0.0",
      "license": "ISC",
      "dependencies": {
        "picnic": "6.5.5",
        "vue": "2.6.12"
      }
    },
    "node_modules/picnic": {
      "version": "6.5.5",
      "resolved": "https://registry.npmjs.org/picnic/-/picnic-6.5.5.tgz",
      "integrity": "sha512-U23rCxul+6DfSnBbg2etvb2+p0wOpr2FLtpQWvwyEnad7kPdNhZuHGAh6ih2yrm9wG2umj0Os4DpNkLyQAduKA==",
      "engines": {
        "node": ">=4.0.0"
      },
      "funding": {
        "url": "https://www.paypal.me/franciscopresencia/19"
      }
    },
    "node_modules/vue": {
      "version": "2.6.12",
      "resolved": "https://registry.npmjs.org/vue/-/vue-2.6.12.tgz",
      "integrity": "sha512-uhmLFETqPPNyuLLbsKz6ioJ4q7AZHzD8ZVFNATNyICSZouqP2Sz0rotWQC8UNBF6VGSCs5abnKJoStA6JbCbfg=="
    }
  },
  "dependencies": {
    "picnic": {
      "version": "6.5.5",
      "resolved": "https://registry.npmjs.org/picnic/-/picnic-6.5.5.tgz",
      "integrity": "sha512-U23rCxul+6DfSnBbg2etvb2+p0wOpr2FLtpQWvwyEnad7kPdNhZuHGAh6ih2yrm9wG2umj0Os4DpNkLyQAduKA=="
    },
    "vue": {
      "version": "2.6.12",
      "resolved": "https://registry.npmjs.org/vue/-/vue-2.6.12.tgz",
      "integrity": "sha512-uhmLFETqPPNyuLLbsKz6ioJ4q7AZHzD8ZVFNATNyICSZouqP2Sz0rotWQC8UNBF6VGSCs5abnKJoStA6JbCbfg=="
    }
  }
}
